{
  "requires": true,
  "lockfileVersion": 1,
  "dependencies": {
    "javascript-state-machine": {
      "version": "3.0.1",
      "resolved": "https://registry.npmjs.org/javascript-state-machine/-/javascript-state-machine-3.0.1.tgz",
      "integrity": "sha1-MnMgM2ogNk4mtR2RZiwU8U1B6lI=",
      "dev": true
    },
    "state-machine": {
      "version": "1.0.3",
      "resolved": "https://registry.npmjs.org/state-machine/-/state-machine-1.0.3.tgz",
      "integrity": "sha1-PW33JW7XBgUAnEc3zNa35HOpifc="
    }
  }
}
